
Microsoft Visual Studio Solution File, Format Version 12.00
# Visual Studio 15
VisualStudioVersion = 15.0.28307.572
MinimumVisualStudioVersion = 10.0.40219.1
Project("{FAE04EC0-301F-11D3-BF4B-00C04F79EFBC}") = "Threading Practice", "Threading Practice\Threading Practice.csproj", "{89ADA511-1E45-4013-A109-10AEE1A49DF4}"
EndProject
Global
	GlobalSection(SolutionConfigurationPlatforms) = preSolution
		Debug|Any CPU = Debug|Any CPU
		Release|Any CPU = Release|Any CPU
	EndGlobalSection
	GlobalSection(ProjectConfigurationPlatforms) = postSolution
		{89ADA511-1E45-4013-A109-10AEE1A49DF4}.Debug|Any CPU.ActiveCfg = Debug|Any CPU
		{89ADA511-1E45-4013-A109-10AEE1A49DF4}.Debug|Any CPU.Build.0 = Debug|Any CPU
		{89ADA511-1E45-4013-A109-10AEE1A49DF4}.Release|Any CPU.ActiveCfg = Release|Any CPU
		{89ADA511-1E45-4013-A109-10AEE1A49DF4}.Release|Any CPU.Build.0 = Release|Any CPU
	EndGlobalSection
	GlobalSection(SolutionProperties) = preSolution
		HideSolutionNode = FALSE
	EndGlobalSection
	GlobalSection(ExtensibilityGlobals) = postSolution
		SolutionGuid = {24C3F0E6-AB7B-4E46-9BA8-B27A6FEC3927}
	EndGlobalSection
EndGlobal
